
Microsoft Visual Studio Solution File, Format Version 12.00
# Visual Studio 2012
Project("{FAE04EC0-301F-11D3-BF4B-00C04F79EFBC}") = "MvcSample1", "MvcSample1\MvcSample1.csproj", "{60C2C7F4-7749-440B-ACFC-786730DDDBB5}"
EndProject
Project("{FAE04EC0-301F-11D3-BF4B-00C04F79EFBC}") = "MvcSample1.Tests", "MvcSample1.Tests\MvcSample1.Tests.csproj", "{9E7EBFB4-C027-47E4-BEC9-916415E6C41B}"
EndProject
Global
	GlobalSection(SolutionConfigurationPlatforms) = preSolution
		Debug|Any CPU = Debug|Any CPU
		Release|Any CPU = Release|Any CPU
	EndGlobalSection
	GlobalSection(ProjectConfigurationPlatforms) = postSolution
		{60C2C7F4-7749-440B-ACFC-786730DDDBB5}.Debug|Any CPU.ActiveCfg = Debug|Any CPU
		{60C2C7F4-7749-440B-ACFC-786730DDDBB5}.Debug|Any CPU.Build.0 = Debug|Any CPU
		{60C2C7F4-7749-440B-ACFC-786730DDDBB5}.Release|Any CPU.ActiveCfg = Release|Any CPU
		{60C2C7F4-7749-440B-ACFC-786730DDDBB5}.Release|Any CPU.Build.0 = Release|Any CPU
		{9E7EBFB4-C027-47E4-BEC9-916415E6C41B}.Debug|Any CPU.ActiveCfg = Debug|Any CPU
		{9E7EBFB4-C027-47E4-BEC9-916415E6C41B}.Debug|Any CPU.Build.0 = Debug|Any CPU
		{9E7EBFB4-C027-47E4-BEC9-916415E6C41B}.Release|Any CPU.ActiveCfg = Release|Any CPU
		{9E7EBFB4-C027-47E4-BEC9-916415E6C41B}.Release|Any CPU.Build.0 = Release|Any CPU
	EndGlobalSection
	GlobalSection(SolutionProperties) = preSolution
		HideSolutionNode = FALSE
	EndGlobalSection
EndGlobal
